// !$*UTF8*$!
{
	archiveVersion = 1;
	classes = {
	};
	objectVersion = 46;
	objects = {

/* Begin PBXBuildFile section */
		56AD4C68192DD52C002A0A38 /* Ravi_screen.mp4 in Resources */ = {isa = PBXBuildFile; fileRef = 56AD4C67192DD52C002A0A38 /* Ravi_screen.mp4 */; };
		56B5B39D192C995A002BD1D4 /* Foundation.framework in Frameworks */ = {isa = PBXBuildFile; fileRef = 56B5B39C192C995A002BD1D4 /* Foundation.framework */; };
		56B5B39F192C995A002BD1D4 /* CoreGraphics.framework in Frameworks */ = {isa = PBXBuildFile; fileRef = 56B5B39E192C995A002BD1D4 /* CoreGraphics.framework */; };
		56B5B3A1192C995A002BD1D4 /* UIKit.framework in Frameworks */ = {isa = PBXBuildFile; fileRef = 56B5B3A0192C995A002BD1D4 /* UIKit.framework */; };
		56B5B3A7192C995A002BD1D4 /* InfoPlist.strings in Resources */ = {isa = PBXBuildFile; fileRef = 56B5B3A5192C995A002BD1D4 /* InfoPlist.strings */; };
		56B5B3A9192C995A002BD1D4 /* main.m in Sources */ = {isa = PBXBuildFile; fileRef = 56B5B3A8192C995A002BD1D4 /* main.m */; };
		56B5B3AD192C995A002BD1D4 /* AppDelegate.m in Sources */ = {isa = PBXBuildFile; fileRef = 56B5B3AC192C995A002BD1D4 /* AppDelegate.m */; };
		56B5B3B0192C995A002BD1D4 /* Main.storyboard in Resources */ = {isa = PBXBuildFile; fileRef = 56B5B3AE192C995A002BD1D4 /* Main.storyboard */; };
		56B5B3B3192C995A002BD1D4 /* ViewController.m in Sources */ = {isa = PBXBuildFile; fileRef = 56B5B3B2192C995A002BD1D4 /* ViewController.m */; };
		56B5B3B5192C995A002BD1D4 /* Images.xcassets in Resources */ = {isa = PBXBuildFile; fileRef = 56B5B3B4192C995A002BD1D4 /* Images.xcassets */; };
		56B5B3BC192C995A002BD1D4 /* XCTest.framework in Frameworks */ = {isa = PBXBuildFile; fileRef = 56B5B3BB192C995A002BD1D4 /* XCTest.framework */; };
		56B5B3BD192C995A002BD1D4 /* Foundation.framework in Frameworks */ = {isa = PBXBuildFile; fileRef = 56B5B39C192C995A002BD1D4 /* Foundation.framework */; };
		56B5B3BE192C995A002BD1D4 /* UIKit.framework in Frameworks */ = {isa = PBXBuildFile; fileRef = 56B5B3A0192C995A002BD1D4 /* UIKit.framework */; };
		56B5B3C6192C995A002BD1D4 /* InfoPlist.strings in Resources */ = {isa = PBXBuildFile; fileRef = 56B5B3C4192C995A002BD1D4 /* InfoPlist.strings */; };
		56B5B3C8192C995A002BD1D4 /* FacebookVideoUploaderTests.m in Sources */ = {isa = PBXBuildFile; fileRef = 56B5B3C7192C995A002BD1D4 /* FacebookVideoUploaderTests.m */; };
		56B5B3D2192C9BC2002BD1D4 /* FacebookSDK.framework in Frameworks */ = {isa = PBXBuildFile; fileRef = 56B5B3D1192C9BC2002BD1D4 /* FacebookSDK.framework */; };
/* End PBXBuildFile section */

/* Begin PBXContainerItemProxy section */
		56B5B3BF192C995A002BD1D4 /* PBXContainerItemProxy */ = {
			isa = PBXContainerItemProxy;
			containerPortal = 56B5B391192C995A002BD1D4 /* Project object */;
			proxyType = 1;
			remoteGlobalIDString = 56B5B398192C995A002BD1D4;
			remoteInfo = FacebookVideoUploader;
		};
/* End PBXContainerItemProxy section */

/* Begin PBXFileReference section */
		56AD4C67192DD52C002A0A38 /* Ravi_screen.mp4 */ = {isa = PBXFileReference; lastKnownFileType = file; path = Ravi_screen.mp4; sourceTree = "<group>"; };
		56B5B399192C995A002BD1D4 /* FacebookVideoUploader.app */ = {isa = PBXFileReference; explicitFileType = wrapper.application; includeInIndex = 0; path = FacebookVideoUploader.app; sourceTree = BUILT_PRODUCTS_DIR; };
		56B5B39C192C995A002BD1D4 /* Foundation.framework */ = {isa = PBXFileReference; lastKnownFileType = wrapper.framework; name = Foundation.framework; path = System/Library/Frameworks/Foundation.framework; sourceTree = SDKROOT; };
		56B5B39E192C995A002BD1D4 /* CoreGraphics.framework */ = {isa = PBXFileReference; lastKnownFileType = wrapper.framework; name = CoreGraphics.framework; path = System/Library/Frameworks/CoreGraphics.framework; sourceTree = SDKROOT; };
		56B5B3A0192C995A002BD1D4 /* UIKit.framework */ = {isa = PBXFileReference; lastKnownFileType = wrapper.framework; name = UIKit.framework; path = System/Library/Frameworks/UIKit.framework; sourceTree = SDKROOT; };
		56B5B3A4192C995A002BD1D4 /* FacebookVideoUploader-Info.plist */ = {isa = PBXFileReference; lastKnownFileType = text.plist.xml; path = "FacebookVideoUploader-Info.plist"; sourceTree = "<group>"; };
		56B5B3A6192C995A002BD1D4 /* en */ = {isa = PBXFileReference; lastKnownFileType = text.plist.strings; name = en; path = en.lproj/InfoPlist.strings; sourceTree = "<group>"; };
		56B5B3A8192C995A002BD1D4 /* main.m */ = {isa = PBXFileReference; lastKnownFileType = sourcecode.c.objc; path = main.m; sourceTree = "<group>"; };
		56B5B3AA192C995A002BD1D4 /* FacebookVideoUploader-Prefix.pch */ = {isa = PBXFileReference; lastKnownFileType = sourcecode.c.h; path = "FacebookVideoUploader-Prefix.pch"; sourceTree = "<group>"; };
		56B5B3AB192C995A002BD1D4 /* AppDelegate.h */ = {isa = PBXFileReference; lastKnownFileType = sourcecode.c.h; path = AppDelegate.h; sourceTree = "<group>"; };
		56B5B3AC192C995A002BD1D4 /* AppDelegate.m */ = {isa = PBXFileReference; lastKnownFileType = sourcecode.c.objc; path = AppDelegate.m; sourceTree = "<group>"; };
		56B5B3AF192C995A002BD1D4 /* Base */ = {isa = PBXFileReference; lastKnownFileType = file.storyboard; name = Base; path = Base.lproj/Main.storyboard; sourceTree = "<group>"; };
		56B5B3B1192C995A002BD1D4 /* ViewController.h */ = {isa = PBXFileReference; lastKnownFileType = sourcecode.c.h; path = ViewController.h; sourceTree = "<group>"; };
		56B5B3B2192C995A002BD1D4 /* ViewController.m */ = {isa = PBXFileReference; lastKnownFileType = sourcecode.c.objc; path = ViewController.m; sourceTree = "<group>"; };
		56B5B3B4192C995A002BD1D4 /* Images.xcassets */ = {isa = PBXFileReference; lastKnownFileType = folder.assetcatalog; path = Images.xcassets; sourceTree = "<group>"; };
		56B5B3BA192C995A002BD1D4 /* FacebookVideoUploaderTests.xctest */ = {isa = PBXFileReference; explicitFileType = wrapper.cfbundle; includeInIndex = 0; path = FacebookVideoUploaderTests.xctest; sourceTree = BUILT_PRODUCTS_DIR; };
		56B5B3BB192C995A002BD1D4 /* XCTest.framework */ = {isa = PBXFileReference; lastKnownFileType = wrapper.framework; name = XCTest.framework; path = Library/Frameworks/XCTest.framework; sourceTree = DEVELOPER_DIR; };
		56B5B3C3192C995A002BD1D4 /* FacebookVideoUploaderTests-Info.plist */ = {isa = PBXFileReference; lastKnownFileType = text.plist.xml; path = "FacebookVideoUploaderTests-Info.plist"; sourceTree = "<group>"; };
		56B5B3C5192C995A002BD1D4 /* en */ = {isa = PBXFileReference; lastKnownFileType = text.plist.strings; name = en; path = en.lproj/InfoPlist.strings; sourceTree = "<group>"; };
		56B5B3C7192C995A002BD1D4 /* FacebookVideoUploaderTests.m */ = {isa = PBXFileReference; lastKnownFileType = sourcecode.c.objc; path = FacebookVideoUploaderTests.m; sourceTree = "<group>"; };
		56B5B3D1192C9BC2002BD1D4 /* FacebookSDK.framework */ = {isa = PBXFileReference; lastKnownFileType = wrapper.framework; path = FacebookSDK.framework; sourceTree = "<group>"; };
/* End PBXFileReference section */

/* Begin PBXFrameworksBuildPhase section */
		56B5B396192C995A002BD1D4 /* Frameworks */ = {
			isa = PBXFrameworksBuildPhase;
			buildActionMask = 2147483647;
			files = (
				56B5B39F192C995A002BD1D4 /* CoreGraphics.framework in Frameworks */,
				56B5B3D2192C9BC2002BD1D4 /* FacebookSDK.framework in Frameworks */,
				56B5B3A1192C995A002BD1D4 /* UIKit.framework in Frameworks */,
				56B5B39D192C995A002BD1D4 /* Foundation.framework in Frameworks */,
			);
			runOnlyForDeploymentPostprocessing = 0;
		};
		56B5B3B7192C995A002BD1D4 /* Frameworks */ = {
			isa = PBXFrameworksBuildPhase;
			buildActionMask = 2147483647;
			files = (
				56B5B3BC192C995A002BD1D4 /* XCTest.framework in Frameworks */,
				56B5B3BE192C995A002BD1D4 /* UIKit.framework in Frameworks */,
				56B5B3BD192C995A002BD1D4 /* Foundation.framework in Frameworks */,
			);
			runOnlyForDeploymentPostprocessing = 0;
		};
/* End PBXFrameworksBuildPhase section */

/* Begin PBXGroup section */
		56B5B390192C995A002BD1D4 = {
			isa = PBXGroup;
			children = (
				56B5B3A2192C995A002BD1D4 /* FacebookVideoUploader */,
				56B5B3C1192C995A002BD1D4 /* FacebookVideoUploaderTests */,
				56B5B39B192C995A002BD1D4 /* Frameworks */,
				56B5B39A192C995A002BD1D4 /* Products */,
			);
			sourceTree = "<group>";
		};
		56B5B39A192C995A002BD1D4 /* Products */ = {
			isa = PBXGroup;
			children = (
				56B5B399192C995A002BD1D4 /* FacebookVideoUploader.app */,
				56B5B3BA192C995A002BD1D4 /* FacebookVideoUploaderTests.xctest */,
			);
			name = Products;
			sourceTree = "<group>";
		};
		56B5B39B192C995A002BD1D4 /* Frameworks */ = {
			isa = PBXGroup;
			children = (
				56B5B3D1192C9BC2002BD1D4 /* FacebookSDK.framework */,
				56B5B39C192C995A002BD1D4 /* Foundation.framework */,
				56B5B39E192C995A002BD1D4 /* CoreGraphics.framework */,
				56B5B3A0192C995A002BD1D4 /* UIKit.framework */,
				56B5B3BB192C995A002BD1D4 /* XCTest.framework */,
			);
			name = Frameworks;
			sourceTree = "<group>";
		};
		56B5B3A2192C995A002BD1D4 /* FacebookVideoUploader */ = {
			isa = PBXGroup;
			children = (
				56AD4C67192DD52C002A0A38 /* Ravi_screen.mp4 */,
				56B5B3AB192C995A002BD1D4 /* AppDelegate.h */,
				56B5B3AC192C995A002BD1D4 /* AppDelegate.m */,
				56B5B3AE192C995A002BD1D4 /* Main.storyboard */,
				56B5B3B1192C995A002BD1D4 /* ViewController.h */,
				56B5B3B2192C995A002BD1D4 /* ViewController.m */,
				56B5B3B4192C995A002BD1D4 /* Images.xcassets */,
				56B5B3A3192C995A002BD1D4 /* Supporting Files */,
			);
			path = FacebookVideoUploader;
			sourceTree = "<group>";
		};
		56B5B3A3192C995A002BD1D4 /* Supporting Files */ = {
			isa = PBXGroup;
			children = (
				56B5B3A4192C995A002BD1D4 /* FacebookVideoUploader-Info.plist */,
				56B5B3A5192C995A002BD1D4 /* InfoPlist.strings */,
				56B5B3A8192C995A002BD1D4 /* main.m */,
				56B5B3AA192C995A002BD1D4 /* FacebookVideoUploader-Prefix.pch */,
			);
			name = "Supporting Files";
			sourceTree = "<group>";
		};
		56B5B3C1192C995A002BD1D4 /* FacebookVideoUploaderTests */ = {
			isa = PBXGroup;
			children = (
				56B5B3C7192C995A002BD1D4 /* FacebookVideoUploaderTests.m */,
				56B5B3C2192C995A002BD1D4 /* Supporting Files */,
			);
			path = FacebookVideoUploaderTests;
			sourceTree = "<group>";
		};
		56B5B3C2192C995A002BD1D4 /* Supporting Files */ = {
			isa = PBXGroup;
			children = (
				56B5B3C3192C995A002BD1D4 /* FacebookVideoUploaderTests-Info.plist */,
				56B5B3C4192C995A002BD1D4 /* InfoPlist.strings */,
			);
			name = "Supporting Files";
			sourceTree = "<group>";
		};
/* End PBXGroup section */

/* Begin PBXNativeTarget section */
		56B5B398192C995A002BD1D4 /* FacebookVideoUploader */ = {
			isa = PBXNativeTarget;
			buildConfigurationList = 56B5B3CB192C995A002BD1D4 /* Build configuration list for PBXNativeTarget "FacebookVideoUploader" */;
			buildPhases = (
				56B5B395192C995A002BD1D4 /* Sources */,
				56B5B396192C995A002BD1D4 /* Frameworks */,
				56B5B397192C995A002BD1D4 /* Resources */,
			);
			buildRules = (
			);
			dependencies = (
			);
			name = FacebookVideoUploader;
			productName = FacebookVideoUploader;
			productReference = 56B5B399192C995A002BD1D4 /* FacebookVideoUploader.app */;
			productType = "com.apple.product-type.application";
		};
		56B5B3B9192C995A002BD1D4 /* FacebookVideoUploaderTests */ = {
			isa = PBXNativeTarget;
			buildConfigurationList = 56B5B3CE192C995A002BD1D4 /* Build configuration list for PBXNativeTarget "FacebookVideoUploaderTests" */;
			buildPhases = (
				56B5B3B6192C995A002BD1D4 /* Sources */,
				56B5B3B7192C995A002BD1D4 /* Frameworks */,
				56B5B3B8192C995A002BD1D4 /* Resources */,
			);
			buildRules = (
			);
			dependencies = (
				56B5B3C0192C995A002BD1D4 /* PBXTargetDependency */,
			);
			name = FacebookVideoUploaderTests;
			productName = FacebookVideoUploaderTests;
			productReference = 56B5B3BA192C995A002BD1D4 /* FacebookVideoUploaderTests.xctest */;
			productType = "com.apple.product-type.bundle.unit-test";
		};
/* End PBXNativeTarget section */

/* Begin PBXProject section */
		56B5B391192C995A002BD1D4 /* Project object */ = {
			isa = PBXProject;
			attributes = {
				LastUpgradeCheck = 0510;
				ORGANIZATIONNAME = "ravi shah";
				TargetAttributes = {
					56B5B3B9192C995A002BD1D4 = {
						TestTargetID = 56B5B398192C995A002BD1D4;
					};
				};
			};
			buildConfigurationList = 56B5B394192C995A002BD1D4 /* Build configuration list for PBXProject "FacebookVideoUploader" */;
			compatibilityVersion = "Xcode 3.2";
			developmentRegion = English;
			hasScannedForEncodings = 0;
			knownRegions = (
				en,
				Base,
			);
			mainGroup = 56B5B390192C995A002BD1D4;
			productRefGroup = 56B5B39A192C995A002BD1D4 /* Products */;
			projectDirPath = "";
			projectRoot = "";
			targets = (
				56B5B398192C995A002BD1D4 /* FacebookVideoUploader */,
				56B5B3B9192C995A002BD1D4 /* FacebookVideoUploaderTests */,
			);
		};
/* End PBXProject section */

/* Begin PBXResourcesBuildPhase section */
		56B5B397192C995A002BD1D4 /* Resources */ = {
			isa = PBXResourcesBuildPhase;
			buildActionMask = 2147483647;
			files = (
				56B5B3B5192C995A002BD1D4 /* Images.xcassets in Resources */,
				56B5B3A7192C995A002BD1D4 /* InfoPlist.strings in Resources */,
				56B5B3B0192C995A002BD1D4 /* Main.storyboard in Resources */,
				56AD4C68192DD52C002A0A38 /* Ravi_screen.mp4 in Resources */,
			);
			runOnlyForDeploymentPostprocessing = 0;
		};
		56B5B3B8192C995A002BD1D4 /* Resources */ = {
			isa = PBXResourcesBuildPhase;
			buildActionMask = 2147483647;
			files = (
				56B5B3C6192C995A002BD1D4 /* InfoPlist.strings in Resources */,
			);
			runOnlyForDeploymentPostprocessing = 0;
		};
/* End PBXResourcesBuildPhase section */

/* Begin PBXSourcesBuildPhase section */
		56B5B395192C995A002BD1D4 /* Sources */ = {
			isa = PBXSourcesBuildPhase;
			buildActionMask = 2147483647;
			files = (
				56B5B3B3192C995A002BD1D4 /* ViewController.m in Sources */,
				56B5B3AD192C995A002BD1D4 /* AppDelegate.m in Sources */,
				56B5B3A9192C995A002BD1D4 /* main.m in Sources */,
			);
			runOnlyForDeploymentPostprocessing = 0;
		};
		56B5B3B6192C995A002BD1D4 /* Sources */ = {
			isa = PBXSourcesBuildPhase;
			buildActionMask = 2147483647;
			files = (
				56B5B3C8192C995A002BD1D4 /* FacebookVideoUploaderTests.m in Sources */,
			);
			runOnlyForDeploymentPostprocessing = 0;
		};
/* End PBXSourcesBuildPhase section */

/* Begin PBXTargetDependency section */
		56B5B3C0192C995A002BD1D4 /* PBXTargetDependency */ = {
			isa = PBXTargetDependency;
			target = 56B5B398192C995A002BD1D4 /* FacebookVideoUploader */;
			targetProxy = 56B5B3BF192C995A002BD1D4 /* PBXContainerItemProxy */;
		};
/* End PBXTargetDependency section */

/* Begin PBXVariantGroup section */
		56B5B3A5192C995A002BD1D4 /* InfoPlist.strings */ = {
			isa = PBXVariantGroup;
			children = (
				56B5B3A6192C995A002BD1D4 /* en */,
			);
			name = InfoPlist.strings;
			sourceTree = "<group>";
		};
		56B5B3AE192C995A002BD1D4 /* Main.storyboard */ = {
			isa = PBXVariantGroup;
			children = (
				56B5B3AF192C995A002BD1D4 /* Base */,
			);
			name = Main.storyboard;
			sourceTree = "<group>";
		};
		56B5B3C4192C995A002BD1D4 /* InfoPlist.strings */ = {
			isa = PBXVariantGroup;
			children = (
				56B5B3C5192C995A002BD1D4 /* en */,
			);
			name = InfoPlist.strings;
			sourceTree = "<group>";
		};
/* End PBXVariantGroup section */

/* Begin XCBuildConfiguration section */
		56B5B3C9192C995A002BD1D4 /* Debug */ = {
			isa = XCBuildConfiguration;
			buildSettings = {
				ALWAYS_SEARCH_USER_PATHS = NO;
				CLANG_CXX_LANGUAGE_STANDARD = "gnu++0x";
				CLANG_CXX_LIBRARY = "libc++";
				CLANG_ENABLE_MODULES = YES;
				CLANG_ENABLE_OBJC_ARC = YES;
				CLANG_WARN_BOOL_CONVERSION = YES;
				CLANG_WARN_CONSTANT_CONVERSION = YES;
				CLANG_WARN_DIRECT_OBJC_ISA_USAGE = YES_ERROR;
				CLANG_WARN_EMPTY_BODY = YES;
				CLANG_WARN_ENUM_CONVERSION = YES;
				CLANG_WARN_INT_CONVERSION = YES;
				CLANG_WARN_OBJC_ROOT_CLASS = YES_ERROR;
				CLANG_WARN__DUPLICATE_METHOD_MATCH = YES;
				"CODE_SIGN_IDENTITY[sdk=iphoneos*]" = "iPhone Developer";
				COPY_PHASE_STRIP = NO;
				GCC_C_LANGUAGE_STANDARD = gnu99;
				GCC_DYNAMIC_NO_PIC = NO;
				GCC_OPTIMIZATION_LEVEL = 0;
				GCC_PREPROCESSOR_DEFINITIONS = (
					"DEBUG=1",
					"$(inherited)",
				);
				GCC_SYMBOLS_PRIVATE_EXTERN = NO;
				GCC_WARN_64_TO_32_BIT_CONVERSION = YES;
				GCC_WARN_ABOUT_RETURN_TYPE = YES_ERROR;
				GCC_WARN_UNDECLARED_SELECTOR = YES;
				GCC_WARN_UNINITIALIZED_AUTOS = YES_AGGRESSIVE;
				GCC_WARN_UNUSED_FUNCTION = YES;
				GCC_WARN_UNUSED_VARIABLE = YES;
				IPHONEOS_DEPLOYMENT_TARGET = 7.1;
				ONLY_ACTIVE_ARCH = YES;
				SDKROOT = iphoneos;
			};
			name = Debug;
		};
		56B5B3CA192C995A002BD1D4 /* Release */ = {
			isa = XCBuildConfiguration;
			buildSettings = {
				ALWAYS_SEARCH_USER_PATHS = NO;
				CLANG_CXX_LANGUAGE_STANDARD = "gnu++0x";
				CLANG_CXX_LIBRARY = "libc++";
				CLANG_ENABLE_MODULES = YES;
				CLANG_ENABLE_OBJC_ARC = YES;
				CLANG_WARN_BOOL_CONVERSION = YES;
				CLANG_WARN_CONSTANT_CONVERSION = YES;
				CLANG_WARN_DIRECT_OBJC_ISA_USAGE = YES_ERROR;
				CLANG_WARN_EMPTY_BODY = YES;
				CLANG_WARN_ENUM_CONVERSION = YES;
				CLANG_WARN_INT_CONVERSION = YES;
				CLANG_WARN_OBJC_ROOT_CLASS = YES_ERROR;
				CLANG_WARN__DUPLICATE_METHOD_MATCH = YES;
				"CODE_SIGN_IDENTITY[sdk=iphoneos*]" = "iPhone Developer";
				COPY_PHASE_STRIP = YES;
				ENABLE_NS_ASSERTIONS = NO;
				GCC_C_LANGUAGE_STANDARD = gnu99;
				GCC_WARN_64_TO_32_BIT_CONVERSION = YES;
				GCC_WARN_ABOUT_RETURN_TYPE = YES_ERROR;
				GCC_WARN_UNDECLARED_SELECTOR = YES;
				GCC_WARN_UNINITIALIZED_AUTOS = YES_AGGRESSIVE;
				GCC_WARN_UNUSED_FUNCTION = YES;
				GCC_WARN_UNUSED_VARIABLE = YES;
				IPHONEOS_DEPLOYMENT_TARGET = 7.1;
				SDKROOT = iphoneos;
				VALIDATE_PRODUCT = YES;
			};
			name = Release;
		};
		56B5B3CC192C995A002BD1D4 /* Debug */ = {
			isa = XCBuildConfiguration;
			buildSettings = {
				ASSETCATALOG_COMPILER_APPICON_NAME = AppIcon;
				ASSETCATALOG_COMPILER_LAUNCHIMAGE_NAME = LaunchImage;
				FRAMEWORK_SEARCH_PATHS = (
					"$(inherited)",
					"$(PROJECT_DIR)",
				);
				GCC_PRECOMPILE_PREFIX_HEADER = YES;
				GCC_PREFIX_HEADER = "FacebookVideoUploader/FacebookVideoUploader-Prefix.pch";
				INFOPLIST_FILE = "FacebookVideoUploader/FacebookVideoUploader-Info.plist";
				PRODUCT_NAME = "$(TARGET_NAME)";
				WRAPPER_EXTENSION = app;
			};
			name = Debug;
		};
		56B5B3CD192C995A002BD1D4 /* Release */ = {
			isa = XCBuildConfiguration;
			buildSettings = {
				ASSETCATALOG_COMPILER_APPICON_NAME = AppIcon;
				ASSETCATALOG_COMPILER_LAUNCHIMAGE_NAME = LaunchImage;
				FRAMEWORK_SEARCH_PATHS = (
					"$(inherited)",
					"$(PROJECT_DIR)",
				);
				GCC_PRECOMPILE_PREFIX_HEADER = YES;
				GCC_PREFIX_HEADER = "FacebookVideoUploader/FacebookVideoUploader-Prefix.pch";
				INFOPLIST_FILE = "FacebookVideoUploader/FacebookVideoUploader-Info.plist";
				PRODUCT_NAME = "$(TARGET_NAME)";
				WRAPPER_EXTENSION = app;
			};
			name = Release;
		};
		56B5B3CF192C995A002BD1D4 /* Debug */ = {
			isa = XCBuildConfiguration;
			buildSettings = {
				BUNDLE_LOADER = "$(BUILT_PRODUCTS_DIR)/FacebookVideoUploader.app/FacebookVideoUploader";
				FRAMEWORK_SEARCH_PATHS = (
					"$(SDKROOT)/Developer/Library/Frameworks",
					"$(inherited)",
					"$(DEVELOPER_FRAMEWORKS_DIR)",
				);
				GCC_PRECOMPILE_PREFIX_HEADER = YES;
				GCC_PREFIX_HEADER = "FacebookVideoUploader/FacebookVideoUploader-Prefix.pch";
				GCC_PREPROCESSOR_DEFINITIONS = (
					"DEBUG=1",
					"$(inherited)",
				);
				INFOPLIST_FILE = "FacebookVideoUploaderTests/FacebookVideoUploaderTests-Info.plist";
				PRODUCT_NAME = "$(TARGET_NAME)";
				TEST_HOST = "$(BUNDLE_LOADER)";
				WRAPPER_EXTENSION = xctest;
			};
			name = Debug;
		};
		56B5B3D0192C995A002BD1D4 /* Release */ = {
			isa = XCBuildConfiguration;
			buildSettings = {
				BUNDLE_LOADER = "$(BUILT_PRODUCTS_DIR)/FacebookVideoUploader.app/FacebookVideoUploader";
				FRAMEWORK_SEARCH_PATHS = (
					"$(SDKROOT)/Developer/Library/Frameworks",
					"$(inherited)",
					"$(DEVELOPER_FRAMEWORKS_DIR)",
				);
				GCC_PRECOMPILE_PREFIX_HEADER = YES;
				GCC_PREFIX_HEADER = "FacebookVideoUploader/FacebookVideoUploader-Prefix.pch";
				INFOPLIST_FILE = "FacebookVideoUploaderTests/FacebookVideoUploaderTests-Info.plist";
				PRODUCT_NAME = "$(TARGET_NAME)";
				TEST_HOST = "$(BUNDLE_LOADER)";
				WRAPPER_EXTENSION = xctest;
			};
			name = Release;
		};
/* End XCBuildConfiguration section */

/* Begin XCConfigurationList section */
		56B5B394192C995A002BD1D4 /* Build configuration list for PBXProject "FacebookVideoUploader" */ = {
			isa = XCConfigurationList;
			buildConfigurations = (
				56B5B3C9192C995A002BD1D4 /* Debug */,
				56B5B3CA192C995A002BD1D4 /* Release */,
			);
			defaultConfigurationIsVisible = 0;
			defaultConfigurationName = Release;
		};
		56B5B3CB192C995A002BD1D4 /* Build configuration list for PBXNativeTarget "FacebookVideoUploader" */ = {
			isa = XCConfigurationList;
			buildConfigurations = (
				56B5B3CC192C995A002BD1D4 /* Debug */,
				56B5B3CD192C995A002BD1D4 /* Release */,
			);
			defaultConfigurationIsVisible = 0;
			defaultConfigurationName = Release;
		};
		56B5B3CE192C995A002BD1D4 /* Build configuration list for PBXNativeTarget "FacebookVideoUploaderTests" */ = {
			isa = XCConfigurationList;
			buildConfigurations = (
				56B5B3CF192C995A002BD1D4 /* Debug */,
				56B5B3D0192C995A002BD1D4 /* Release */,
			);
			defaultConfigurationIsVisible = 0;
			defaultConfigurationName = Release;
		};
/* End XCConfigurationList section */
	};
	rootObject = 56B5B391192C995A002BD1D4 /* Project object */;
}
